
Microsoft Visual Studio Solution File, Format Version 12.00
# Visual Studio Version 17
VisualStudioVersion = 17.0.32014.148
MinimumVisualStudioVersion = 10.0.40219.1
Project("{9A19103F-16F7-4668-BE54-9A1E7A4F7556}") = "BlazorBattles.Server", "BlazorBattles\Server\BlazorBattles.Server.csproj", "{EE04E842-60E2-425A-AB0A-C2D9C36E4021}"
EndProject
Project("{9A19103F-16F7-4668-BE54-9A1E7A4F7556}") = "BlazorBattles.Client", "BlazorBattles\Client\BlazorBattles.Client.csproj", "{B78DFF66-132B-4392-84C2-7150AE84051C}"
EndProject
Project("{9A19103F-16F7-4668-BE54-9A1E7A4F7556}") = "BlazorBattles.Shared", "BlazorBattles\Shared\BlazorBattles.Shared.csproj", "{2D0B808B-C39A-46BC-9E84-78F2384DA6BA}"
EndProject
Global
	GlobalSection(SolutionConfigurationPlatforms) = preSolution
		Debug|Any CPU = Debug|Any CPU
		Release|Any CPU = Release|Any CPU
	EndGlobalSection
	GlobalSection(ProjectConfigurationPlatforms) = postSolution
		{EE04E842-60E2-425A-AB0A-C2D9C36E4021}.Debug|Any CPU.ActiveCfg = Debug|Any CPU
		{EE04E842-60E2-425A-AB0A-C2D9C36E4021}.Debug|Any CPU.Build.0 = Debug|Any CPU
		{EE04E842-60E2-425A-AB0A-C2D9C36E4021}.Release|Any CPU.ActiveCfg = Release|Any CPU
		{EE04E842-60E2-425A-AB0A-C2D9C36E4021}.Release|Any CPU.Build.0 = Release|Any CPU
		{B78DFF66-132B-4392-84C2-7150AE84051C}.Debug|Any CPU.ActiveCfg = Debug|Any CPU
		{B78DFF66-132B-4392-84C2-7150AE84051C}.Debug|Any CPU.Build.0 = Debug|Any CPU
		{B78DFF66-132B-4392-84C2-7150AE84051C}.Release|Any CPU.ActiveCfg = Release|Any CPU
		{B78DFF66-132B-4392-84C2-7150AE84051C}.Release|Any CPU.Build.0 = Release|Any CPU
		{2D0B808B-C39A-46BC-9E84-78F2384DA6BA}.Debug|Any CPU.ActiveCfg = Debug|Any CPU
		{2D0B808B-C39A-46BC-9E84-78F2384DA6BA}.Debug|Any CPU.Build.0 = Debug|Any CPU
		{2D0B808B-C39A-46BC-9E84-78F2384DA6BA}.Release|Any CPU.ActiveCfg = Release|Any CPU
		{2D0B808B-C39A-46BC-9E84-78F2384DA6BA}.Release|Any CPU.Build.0 = Release|Any CPU
	EndGlobalSection
	GlobalSection(SolutionProperties) = preSolution
		HideSolutionNode = FALSE
	EndGlobalSection
	GlobalSection(ExtensibilityGlobals) = postSolution
		SolutionGuid = {89B0C014-1E90-4D23-999E-1022509EA845}
	EndGlobalSection
EndGlobal
